dependencies:
- name: elasticsearch
  repository: file://../../util/elasticsearch
  version: 21.3.20
- name: nginx
  repository: file://../../bitnami/nginx
  version: 18.2.2
- name: postgresql
  repository: file://../../bitnami/postgresql
  version: 16.0.0
digest: sha256:7882cce6afd0bbc6db145516794584b24fd40eba7868983b398e8cb613500fa9
generated: "2024-12-01T13:56:52.721872-06:00"
